
Microsoft Visual Studio Solution File, Format Version 12.00
# Visual Studio Version 17
VisualStudioVersion = 17.12.35514.174 d17.12
MinimumVisualStudioVersion = 10.0.40219.1
Project("{2150E333-8FDC-42A3-9474-1A3956D46DE8}") = "src", "src", "{3D820E5E-CA3E-4D6E-938C-6CFC76C879F1}"
EndProject
Project("{2150E333-8FDC-42A3-9474-1A3956D46DE8}") = "tests", "tests", "{BB63E089-485A-4E57-931D-A921994F7E18}"
EndProject
Project("{FAE04EC0-301F-11D3-BF4B-00C04F79EFBC}") = "NoBo.Domain", "src\NoBo.Domain\NoBo.Domain.csproj", "{682A0D12-FD53-4EA3-A820-DA17C3CC38A8}"
EndProject
Global
	GlobalSection(SolutionConfigurationPlatforms) = preSolution
		Debug|Any CPU = Debug|Any CPU
		Release|Any CPU = Release|Any CPU
	EndGlobalSection
	GlobalSection(ProjectConfigurationPlatforms) = postSolution
		{682A0D12-FD53-4EA3-A820-DA17C3CC38A8}.Debug|Any CPU.ActiveCfg = Debug|Any CPU
		{682A0D12-FD53-4EA3-A820-DA17C3CC38A8}.Debug|Any CPU.Build.0 = Debug|Any CPU
		{682A0D12-FD53-4EA3-A820-DA17C3CC38A8}.Release|Any CPU.ActiveCfg = Release|Any CPU
		{682A0D12-FD53-4EA3-A820-DA17C3CC38A8}.Release|Any CPU.Build.0 = Release|Any CPU
	EndGlobalSection
	GlobalSection(SolutionProperties) = preSolution
		HideSolutionNode = FALSE
	EndGlobalSection
	GlobalSection(NestedProjects) = preSolution
		{682A0D12-FD53-4EA3-A820-DA17C3CC38A8} = {3D820E5E-CA3E-4D6E-938C-6CFC76C879F1}
	EndGlobalSection
EndGlobal
